// !$*UTF8*$!
{
	archiveVersion = 1;
	classes = {
	};
	objectVersion = 46;
	objects = {

/* Begin PBXBuildFile section */
		021CEBFB1F057118007F42C8 /* arraylist.c in Sources */ = {isa = PBXBuildFile; fileRef = 021CEBFA1F057118007F42C8 /* arraylist.c */; };
		02F4EE0D1EF083B300DE0F24 /* main.c in Sources */ = {isa = PBXBuildFile; fileRef = 02F4EE0C1EF083B300DE0F24 /* main.c */; };
/* End PBXBuildFile section */

/* Begin PBXCopyFilesBuildPhase section */
		02F4EE071EF083B200DE0F24 /* CopyFiles */ = {
			isa = PBXCopyFilesBuildPhase;
			buildActionMask = 2147483647;
			dstPath = /usr/share/man/man1/;
			dstSubfolderSpec = 0;
			files = (
			);
			runOnlyForDeploymentPostprocessing = 1;
		};
/* End PBXCopyFilesBuildPhase section */

/* Begin PBXFileReference section */
		021CEBE21F055288007F42C8 /* arraylist.h */ = {isa = PBXFileReference; fileEncoding = 4; lastKnownFileType = sourcecode.c.h; name = arraylist.h; path = wireGhost/arraylist.h; sourceTree = "<group>"; };
		021CEBFA1F057118007F42C8 /* arraylist.c */ = {isa = PBXFileReference; fileEncoding = 4; lastKnownFileType = sourcecode.c.c; name = arraylist.c; path = wireGhost/arraylist.c; sourceTree = "<group>"; };
		02F4EE091EF083B300DE0F24 /* wireGhost */ = {isa = PBXFileReference; explicitFileType = "compiled.mach-o.executable"; includeInIndex = 0; path = wireGhost; sourceTree = BUILT_PRODUCTS_DIR; };
		02F4EE0C1EF083B300DE0F24 /* main.c */ = {isa = PBXFileReference; lastKnownFileType = sourcecode.c.c; path = main.c; sourceTree = "<group>"; };
/* End PBXFileReference section */

/* Begin PBXFrameworksBuildPhase section */
		02F4EE061EF083B200DE0F24 /* Frameworks */ = {
			isa = PBXFrameworksBuildPhase;
			buildActionMask = 2147483647;
			files = (
			);
			runOnlyForDeploymentPostprocessing = 0;
		};
/* End PBXFrameworksBuildPhase section */

/* Begin PBXGroup section */
		02F4EE001EF083B200DE0F24 = {
			isa = PBXGroup;
			children = (
				021CEBFA1F057118007F42C8 /* arraylist.c */,
				021CEBE21F055288007F42C8 /* arraylist.h */,
				02F4EE0B1EF083B300DE0F24 /* wireGhost */,
				02F4EE0A1EF083B300DE0F24 /* Products */,
			);
			sourceTree = "<group>";
		};
		02F4EE0A1EF083B300DE0F24 /* Products */ = {
			isa = PBXGroup;
			children = (
				02F4EE091EF083B300DE0F24 /* wireGhost */,
			);
			name = Products;
			sourceTree = "<group>";
		};
		02F4EE0B1EF083B300DE0F24 /* wireGhost */ = {
			isa = PBXGroup;
			children = (
				02F4EE0C1EF083B300DE0F24 /* main.c */,
			);
			path = wireGhost;
			sourceTree = "<group>";
		};
/* End PBXGroup section */

/* Begin PBXNativeTarget section */
		02F4EE081EF083B200DE0F24 /* wireGhost */ = {
			isa = PBXNativeTarget;
			buildConfigurationList = 02F4EE101EF083B300DE0F24 /* Build configuration list for PBXNativeTarget "wireGhost" */;
			buildPhases = (
				02F4EE051EF083B200DE0F24 /* Sources */,
				02F4EE061EF083B200DE0F24 /* Frameworks */,
				02F4EE071EF083B200DE0F24 /* CopyFiles */,
			);
			buildRules = (
			);
			dependencies = (
			);
			name = wireGhost;
			productName = wireGhost;
			productReference = 02F4EE091EF083B300DE0F24 /* wireGhost */;
			productType = "com.apple.product-type.tool";
		};
/* End PBXNativeTarget section */

/* Begin PBXProject section */
		02F4EE011EF083B200DE0F24 /* Project object */ = {
			isa = PBXProject;
			attributes = {
				LastUpgradeCheck = 0820;
				ORGANIZATIONNAME = "Joe Caparelli";
				TargetAttributes = {
					02F4EE081EF083B200DE0F24 = {
						CreatedOnToolsVersion = 8.2.1;
						ProvisioningStyle = Automatic;
					};
				};
			};
			buildConfigurationList = 02F4EE041EF083B200DE0F24 /* Build configuration list for PBXProject "wireGhost" */;
			compatibilityVersion = "Xcode 3.2";
			developmentRegion = English;
			hasScannedForEncodings = 0;
			knownRegions = (
				en,
			);
			mainGroup = 02F4EE001EF083B200DE0F24;
			productRefGroup = 02F4EE0A1EF083B300DE0F24 /* Products */;
			projectDirPath = "";
			projectRoot = "";
			targets = (
				02F4EE081EF083B200DE0F24 /* wireGhost */,
			);
		};
/* End PBXProject section */

/* Begin PBXSourcesBuildPhase section */
		02F4EE051EF083B200DE0F24 /* Sources */ = {
			isa = PBXSourcesBuildPhase;
			buildActionMask = 2147483647;
			files = (
				02F4EE0D1EF083B300DE0F24 /* main.c in Sources */,
				021CEBFB1F057118007F42C8 /* arraylist.c in Sources */,
			);
			runOnlyForDeploymentPostprocessing = 0;
		};
/* End PBXSourcesBuildPhase section */

/* Begin XCBuildConfiguration section */
		02F4EE0E1EF083B300DE0F24 /* Debug */ = {
			isa = XCBuildConfiguration;
			buildSettings = {
				ALWAYS_SEARCH_USER_PATHS = NO;
				CLANG_ANALYZER_NONNULL = YES;
				CLANG_CXX_LANGUAGE_STANDARD = "gnu++0x";
				CLANG_CXX_LIBRARY = "libc++";
				CLANG_ENABLE_MODULES = YES;
				CLANG_ENABLE_OBJC_ARC = YES;
				CLANG_WARN_BOOL_CONVERSION = YES;
				CLANG_WARN_CONSTANT_CONVERSION = YES;
				CLANG_WARN_DIRECT_OBJC_ISA_USAGE = YES_ERROR;
				CLANG_WARN_DOCUMENTATION_COMMENTS = YES;
				CLANG_WARN_EMPTY_BODY = YES;
				CLANG_WARN_ENUM_CONVERSION = YES;
				CLANG_WARN_INFINITE_RECURSION = YES;
				CLANG_WARN_INT_CONVERSION = YES;
				CLANG_WARN_OBJC_ROOT_CLASS = YES_ERROR;
				CLANG_WARN_SUSPICIOUS_MOVE = YES;
				CLANG_WARN_UNREACHABLE_CODE = YES;
				CLANG_WARN__DUPLICATE_METHOD_MATCH = YES;
				CODE_SIGN_IDENTITY = "-";
				COPY_PHASE_STRIP = NO;
				DEBUG_INFORMATION_FORMAT = dwarf;
				ENABLE_STRICT_OBJC_MSGSEND = YES;
				ENABLE_TESTABILITY = YES;
				GCC_C_LANGUAGE_STANDARD = gnu99;
				GCC_DYNAMIC_NO_PIC = NO;
				GCC_NO_COMMON_BLOCKS = YES;
				GCC_OPTIMIZATION_LEVEL = 0;
				GCC_PREPROCESSOR_DEFINITIONS = (
					"DEBUG=1",
					"$(inherited)",
				);
				GCC_WARN_64_TO_32_BIT_CONVERSION = YES;
				GCC_WARN_ABOUT_RETURN_TYPE = YES_ERROR;
				GCC_WARN_UNDECLARED_SELECTOR = YES;
				GCC_WARN_UNINITIALIZED_AUTOS = YES_AGGRESSIVE;
				GCC_WARN_UNUSED_FUNCTION = YES;
				GCC_WARN_UNUSED_VARIABLE = YES;
				MACOSX_DEPLOYMENT_TARGET = 10.11;
				MTL_ENABLE_DEBUG_INFO = YES;
				ONLY_ACTIVE_ARCH = YES;
				SDKROOT = macosx;
			};
			name = Debug;
		};
		02F4EE0F1EF083B300DE0F24 /* Release */ = {
			isa = XCBuildConfiguration;
			buildSettings = {
				ALWAYS_SEARCH_USER_PATHS = NO;
				CLANG_ANALYZER_NONNULL = YES;
				CLANG_CXX_LANGUAGE_STANDARD = "gnu++0x";
				CLANG_CXX_LIBRARY = "libc++";
				CLANG_ENABLE_MODULES = YES;
				CLANG_ENABLE_OBJC_ARC = YES;
				CLANG_WARN_BOOL_CONVERSION = YES;
				CLANG_WARN_CONSTANT_CONVERSION = YES;
				CLANG_WARN_DIRECT_OBJC_ISA_USAGE = YES_ERROR;
				CLANG_WARN_DOCUMENTATION_COMMENTS = YES;
				CLANG_WARN_EMPTY_BODY = YES;
				CLANG_WARN_ENUM_CONVERSION = YES;
				CLANG_WARN_INFINITE_RECURSION = YES;
				CLANG_WARN_INT_CONVERSION = YES;
				CLANG_WARN_OBJC_ROOT_CLASS = YES_ERROR;
				CLANG_WARN_SUSPICIOUS_MOVE = YES;
				CLANG_WARN_UNREACHABLE_CODE = YES;
				CLANG_WARN__DUPLICATE_METHOD_MATCH = YES;
				CODE_SIGN_IDENTITY = "-";
				COPY_PHASE_STRIP = NO;
				DEBUG_INFORMATION_FORMAT = "dwarf-with-dsym";
				ENABLE_NS_ASSERTIONS = NO;
				ENABLE_STRICT_OBJC_MSGSEND = YES;
				GCC_C_LANGUAGE_STANDARD = gnu99;
				GCC_NO_COMMON_BLOCKS = YES;
				GCC_WARN_64_TO_32_BIT_CONVERSION = YES;
				GCC_WARN_ABOUT_RETURN_TYPE = YES_ERROR;
				GCC_WARN_UNDECLARED_SELECTOR = YES;
				GCC_WARN_UNINITIALIZED_AUTOS = YES_AGGRESSIVE;
				GCC_WARN_UNUSED_FUNCTION = YES;
				GCC_WARN_UNUSED_VARIABLE = YES;
				MACOSX_DEPLOYMENT_TARGET = 10.11;
				MTL_ENABLE_DEBUG_INFO = NO;
				SDKROOT = macosx;
			};
			name = Release;
		};
		02F4EE111EF083B300DE0F24 /* Debug */ = {
			isa = XCBuildConfiguration;
			buildSettings = {
				PRODUCT_NAME = "$(TARGET_NAME)";
			};
			name = Debug;
		};
		02F4EE121EF083B300DE0F24 /* Release */ = {
			isa = XCBuildConfiguration;
			buildSettings = {
				PRODUCT_NAME = "$(TARGET_NAME)";
			};
			name = Release;
		};
/* End XCBuildConfiguration section */

/* Begin XCConfigurationList section */
		02F4EE041EF083B200DE0F24 /* Build configuration list for PBXProject "wireGhost" */ = {
			isa = XCConfigurationList;
			buildConfigurations = (
				02F4EE0E1EF083B300DE0F24 /* Debug */,
				02F4EE0F1EF083B300DE0F24 /* Release */,
			);
			defaultConfigurationIsVisible = 0;
			defaultConfigurationName = Release;
		};
		02F4EE101EF083B300DE0F24 /* Build configuration list for PBXNativeTarget "wireGhost" */ = {
			isa = XCConfigurationList;
			buildConfigurations = (
				02F4EE111EF083B300DE0F24 /* Debug */,
				02F4EE121EF083B300DE0F24 /* Release */,
			);
			defaultConfigurationIsVisible = 0;
			defaultConfigurationName = Release;
		};
/* End XCConfigurationList section */
	};
	rootObject = 02F4EE011EF083B200DE0F24 /* Project object */;
}
